{
  "version": 4,
  "terraform_version": "1.1.7",
  "serial": 25,
  "lineage": "40f0d5b6-95b3-97e5-41c0-4d4eca6e38ad",
  "outputs": {},
  "resources": [
    {
      "mode": "managed",
      "type": "aws_glue_job",
      "name": "etl",
      "provider": "provider[\"registry.terraform.io/hashicorp/aws\"]",
      "instances": [
        {
          "schema_version": 0,
          "attributes": {
            "arn": "arn:aws:glue:sa-east-1:484263780926:job/etl_job",
            "command": [
              {
                "name": "glueetl",
                "python_version": "2",
                "script_location": "s3://lakehouse-test/scripts/pyspark/glue_job_rw.py"
              }
            ],
            "connections": null,
            "default_arguments": {
              "--job-language": "pyspark"
            },
            "description": "",
            "execution_property": [
              {
                "max_concurrent_runs": 1
              }
            ],
            "glue_version": "0.9",
            "id": "etl_job",
            "max_capacity": 10,
            "max_retries": 0,
            "name": "etl_job",
            "non_overridable_arguments": null,
            "notification_property": [],
            "number_of_workers": 0,
            "role_arn": "arn:aws:iam::484263780926:role/AWSGlueServiceRole-estudo",
            "security_configuration": "",
            "tags": null,
            "tags_all": {},
            "timeout": 2880,
            "worker_type": ""
          },
          "sensitive_attributes": [],
          "private": "bnVsbA==",
          "dependencies": [
            "aws_s3_bucket.lakehouse",
            "aws_s3_bucket_object.etl_script_spark"
          ]
        }
      ]
    },
    {
      "mode": "managed",
      "type": "aws_s3_bucket",
      "name": "lakehouse",
      "provider": "provider[\"registry.terraform.io/hashicorp/aws\"]",
      "instances": [
        {
          "schema_version": 0,
          "attributes": {
            "acceleration_status": "",
            "acl": "private",
            "arn": "arn:aws:s3:::lakehouse-test",
            "bucket": "lakehouse-test",
            "bucket_domain_name": "lakehouse-test.s3.amazonaws.com",
            "bucket_prefix": null,
            "bucket_regional_domain_name": "lakehouse-test.s3.sa-east-1.amazonaws.com",
            "cors_rule": [],
            "force_destroy": false,
            "grant": [],
            "hosted_zone_id": "Z7KQH4QJS55SO",
            "id": "lakehouse-test",
            "lifecycle_rule": [],
            "logging": [],
            "object_lock_configuration": [],
            "object_lock_enabled": false,
            "policy": "",
            "region": "sa-east-1",
            "replication_configuration": [],
            "request_payer": "BucketOwner",
            "server_side_encryption_configuration": [],
            "tags": {
              "job": "etl_crawler"
            },
            "tags_all": {
              "job": "etl_crawler"
            },
            "versioning": [
              {
                "enabled": false,
                "mfa_delete": false
              }
            ],
            "website": [],
            "website_domain": null,
            "website_endpoint": null
          },
          "sensitive_attributes": [],
          "private": "bnVsbA=="
        }
      ]
    },
    {
      "mode": "managed",
      "type": "aws_s3_bucket_object",
      "name": "enem_data",
      "provider": "provider[\"registry.terraform.io/hashicorp/aws\"]",
      "instances": [
        {
          "schema_version": 0,
          "attributes": {
            "acl": "private",
            "bucket": "lakehouse-test",
            "bucket_key_enabled": false,
            "cache_control": "",
            "content": null,
            "content_base64": null,
            "content_disposition": "",
            "content_encoding": "",
            "content_language": "",
            "content_type": "binary/octet-stream",
            "etag": "608494afcb4cca543a0f05d196f8d308-387",
            "force_destroy": false,
            "id": "raw-data/enem/microdados_enem_2020.csv",
            "key": "raw-data/enem/microdados_enem_2020.csv",
            "kms_key_id": null,
            "metadata": null,
            "object_lock_legal_hold_status": "",
            "object_lock_mode": "",
            "object_lock_retain_until_date": "",
            "server_side_encryption": "",
            "source": "C:/Users/ivan.oliveira/data_eng_cloud/enem_2020/DADOS/MICRODADOS_ENEM_2020.csv",
            "source_hash": null,
            "storage_class": "STANDARD",
            "tags": null,
            "tags_all": {},
            "version_id": "",
            "website_redirect": ""
          },
          "sensitive_attributes": [],
          "private": "bnVsbA==",
          "dependencies": [
            "aws_s3_bucket.lakehouse"
          ]
        }
      ]
    },
    {
      "mode": "managed",
      "type": "aws_s3_bucket_object",
      "name": "etl_script_spark",
      "provider": "provider[\"registry.terraform.io/hashicorp/aws\"]",
      "instances": [
        {
          "schema_version": 0,
          "attributes": {
            "acl": "private",
            "bucket": "lakehouse-test",
            "bucket_key_enabled": false,
            "cache_control": "",
            "content": null,
            "content_base64": null,
            "content_disposition": "",
            "content_encoding": "",
            "content_language": "",
            "content_type": "binary/octet-stream",
            "etag": "0ca5947032369b7195c0c7ea2129e6ab",
            "force_destroy": false,
            "id": "scripts/pyspark/glue_job_rw.py",
            "key": "scripts/pyspark/glue_job_rw.py",
            "kms_key_id": null,
            "metadata": null,
            "object_lock_legal_hold_status": "",
            "object_lock_mode": "",
            "object_lock_retain_until_date": "",
            "server_side_encryption": "",
            "source": "C:/Users/ivan.oliveira/data_eng_cloud/trabalho_pratico_1/glue_job_read_write.py",
            "source_hash": null,
            "storage_class": "STANDARD",
            "tags": null,
            "tags_all": {},
            "version_id": "",
            "website_redirect": ""
          },
          "sensitive_attributes": [],
          "private": "bnVsbA==",
          "dependencies": [
            "aws_s3_bucket.lakehouse"
          ]
        }
      ]
    }
  ]
}
